
Microsoft Visual Studio Solution File, Format Version 12.00
# Visual Studio Version 17
VisualStudioVersion = 17.10.34916.146
MinimumVisualStudioVersion = 10.0.40219.1
Project("{FAE04EC0-301F-11D3-BF4B-00C04F79EFBC}") = "SoundSphere.Api", "SoundSphere.Api\SoundSphere.Api.csproj", "{D0C88ACC-6DB9-4692-9BC3-68A9E7924F20}"
EndProject
Global
	GlobalSection(SolutionConfigurationPlatforms) = preSolution
		Debug|Any CPU = Debug|Any CPU
		Release|Any CPU = Release|Any CPU
	EndGlobalSection
	GlobalSection(ProjectConfigurationPlatforms) = postSolution
		{D0C88ACC-6DB9-4692-9BC3-68A9E7924F20}.Debug|Any CPU.ActiveCfg = Debug|Any CPU
		{D0C88ACC-6DB9-4692-9BC3-68A9E7924F20}.Debug|Any CPU.Build.0 = Debug|Any CPU
		{D0C88ACC-6DB9-4692-9BC3-68A9E7924F20}.Release|Any CPU.ActiveCfg = Release|Any CPU
		{D0C88ACC-6DB9-4692-9BC3-68A9E7924F20}.Release|Any CPU.Build.0 = Release|Any CPU
	EndGlobalSection
	GlobalSection(SolutionProperties) = preSolution
		HideSolutionNode = FALSE
	EndGlobalSection
	GlobalSection(ExtensibilityGlobals) = postSolution
		SolutionGuid = {6D54FF53-92F4-4473-A77D-D699ED0FDC1A}
	EndGlobalSection
EndGlobal
